
Microsoft Visual Studio Solution File, Format Version 12.00
# Visual Studio 15
VisualStudioVersion = 15.0.26730.16
MinimumVisualStudioVersion = 10.0.40219.1
Project("{FAE04EC0-301F-11D3-BF4B-00C04F79EFBC}") = "vega", "vega\vega.csproj", "{DD375936-1998-47EB-9310-D1874ECB73B4}"
EndProject
Global
	GlobalSection(SolutionConfigurationPlatforms) = preSolution
		Debug|Any CPU = Debug|Any CPU
		Release|Any CPU = Release|Any CPU
	EndGlobalSection
	GlobalSection(ProjectConfigurationPlatforms) = postSolution
		{DD375936-1998-47EB-9310-D1874ECB73B4}.Debug|Any CPU.ActiveCfg = Debug|Any CPU
		{DD375936-1998-47EB-9310-D1874ECB73B4}.Debug|Any CPU.Build.0 = Debug|Any CPU
		{DD375936-1998-47EB-9310-D1874ECB73B4}.Release|Any CPU.ActiveCfg = Release|Any CPU
		{DD375936-1998-47EB-9310-D1874ECB73B4}.Release|Any CPU.Build.0 = Release|Any CPU
	EndGlobalSection
	GlobalSection(SolutionProperties) = preSolution
		HideSolutionNode = FALSE
	EndGlobalSection
	GlobalSection(ExtensibilityGlobals) = postSolution
		SolutionGuid = {4A71EF3E-9D52-4A5D-8389-153F4E49271D}
	EndGlobalSection
EndGlobal
